
Microsoft Visual Studio Solution File, Format Version 12.00
# Visual Studio Version 16
VisualStudioVersion = 16.0.31313.79
MinimumVisualStudioVersion = 10.0.40219.1
Project("{FAE04EC0-301F-11D3-BF4B-00C04F79EFBC}") = "WFormBibliothequeVerEtudt", "WFormBibliothequeVerEtudt\WFormBibliothequeVerEtudt.csproj", "{81E8EDD2-CBD4-44DF-AE7A-3FC916BF22D8}"
EndProject
Global
	GlobalSection(SolutionConfigurationPlatforms) = preSolution
		Debug|Any CPU = Debug|Any CPU
		Release|Any CPU = Release|Any CPU
	EndGlobalSection
	GlobalSection(ProjectConfigurationPlatforms) = postSolution
		{81E8EDD2-CBD4-44DF-AE7A-3FC916BF22D8}.Debug|Any CPU.ActiveCfg = Debug|Any CPU
		{81E8EDD2-CBD4-44DF-AE7A-3FC916BF22D8}.Debug|Any CPU.Build.0 = Debug|Any CPU
		{81E8EDD2-CBD4-44DF-AE7A-3FC916BF22D8}.Release|Any CPU.ActiveCfg = Release|Any CPU
		{81E8EDD2-CBD4-44DF-AE7A-3FC916BF22D8}.Release|Any CPU.Build.0 = Release|Any CPU
	EndGlobalSection
	GlobalSection(SolutionProperties) = preSolution
		HideSolutionNode = FALSE
	EndGlobalSection
	GlobalSection(ExtensibilityGlobals) = postSolution
		SolutionGuid = {1E5D2F0B-132C-457C-A70F-6415A71E3A82}
	EndGlobalSection
EndGlobal
